
Microsoft Visual Studio Solution File, Format Version 12.00
# Visual Studio Version 16
VisualStudioVersion = 16.0.32901.82
MinimumVisualStudioVersion = 10.0.40219.1
Project("{9A19103F-16F7-4668-BE54-9A1E7A4F7556}") = "Core_Proje", "CoreProjeMVC\Core_Proje.csproj", "{065DBC49-1736-4EA6-BB7C-BD462EE54AEF}"
EndProject
Project("{9A19103F-16F7-4668-BE54-9A1E7A4F7556}") = "BussinesLayer", "BussinesLayer\BussinesLayer.csproj", "{96E9C725-6A82-4F7F-A4A6-E6D100C539F2}"
EndProject
Project("{9A19103F-16F7-4668-BE54-9A1E7A4F7556}") = "DataAccessLayer", "DataAccessLayer\DataAccessLayer.csproj", "{713BF0BC-2996-4B0F-87DF-E248C989756A}"
EndProject
Project("{9A19103F-16F7-4668-BE54-9A1E7A4F7556}") = "EntityLayer", "EntityLayer\EntityLayer.csproj", "{471BA42E-16B4-4E15-8D47-E96AD78C239A}"
EndProject
Project("{FAE04EC0-301F-11D3-BF4B-00C04F79EFBC}") = "Core_Proje_Api", "Core_Proje_Api\Core_Proje_Api.csproj", "{D45AC9BF-7C72-4D0F-83D9-5D2E137E2A5C}"
EndProject
Global
	GlobalSection(SolutionConfigurationPlatforms) = preSolution
		Debug|Any CPU = Debug|Any CPU
		Release|Any CPU = Release|Any CPU
	EndGlobalSection
	GlobalSection(ProjectConfigurationPlatforms) = postSolution
		{065DBC49-1736-4EA6-BB7C-BD462EE54AEF}.Debug|Any CPU.ActiveCfg = Debug|Any CPU
		{065DBC49-1736-4EA6-BB7C-BD462EE54AEF}.Debug|Any CPU.Build.0 = Debug|Any CPU
		{065DBC49-1736-4EA6-BB7C-BD462EE54AEF}.Release|Any CPU.ActiveCfg = Release|Any CPU
		{065DBC49-1736-4EA6-BB7C-BD462EE54AEF}.Release|Any CPU.Build.0 = Release|Any CPU
		{96E9C725-6A82-4F7F-A4A6-E6D100C539F2}.Debug|Any CPU.ActiveCfg = Debug|Any CPU
		{96E9C725-6A82-4F7F-A4A6-E6D100C539F2}.Debug|Any CPU.Build.0 = Debug|Any CPU
		{96E9C725-6A82-4F7F-A4A6-E6D100C539F2}.Release|Any CPU.ActiveCfg = Release|Any CPU
		{96E9C725-6A82-4F7F-A4A6-E6D100C539F2}.Release|Any CPU.Build.0 = Release|Any CPU
		{713BF0BC-2996-4B0F-87DF-E248C989756A}.Debug|Any CPU.ActiveCfg = Debug|Any CPU
		{713BF0BC-2996-4B0F-87DF-E248C989756A}.Debug|Any CPU.Build.0 = Debug|Any CPU
		{713BF0BC-2996-4B0F-87DF-E248C989756A}.Release|Any CPU.ActiveCfg = Release|Any CPU
		{713BF0BC-2996-4B0F-87DF-E248C989756A}.Release|Any CPU.Build.0 = Release|Any CPU
		{471BA42E-16B4-4E15-8D47-E96AD78C239A}.Debug|Any CPU.ActiveCfg = Debug|Any CPU
		{471BA42E-16B4-4E15-8D47-E96AD78C239A}.Debug|Any CPU.Build.0 = Debug|Any CPU
		{471BA42E-16B4-4E15-8D47-E96AD78C239A}.Release|Any CPU.ActiveCfg = Release|Any CPU
		{471BA42E-16B4-4E15-8D47-E96AD78C239A}.Release|Any CPU.Build.0 = Release|Any CPU
		{D45AC9BF-7C72-4D0F-83D9-5D2E137E2A5C}.Debug|Any CPU.ActiveCfg = Debug|Any CPU
		{D45AC9BF-7C72-4D0F-83D9-5D2E137E2A5C}.Debug|Any CPU.Build.0 = Debug|Any CPU
		{D45AC9BF-7C72-4D0F-83D9-5D2E137E2A5C}.Release|Any CPU.ActiveCfg = Release|Any CPU
		{D45AC9BF-7C72-4D0F-83D9-5D2E137E2A5C}.Release|Any CPU.Build.0 = Release|Any CPU
	EndGlobalSection
	GlobalSection(SolutionProperties) = preSolution
		HideSolutionNode = FALSE
	EndGlobalSection
	GlobalSection(ExtensibilityGlobals) = postSolution
		SolutionGuid = {5B84DBAF-5705-4980-8255-A067A64F64ED}
	EndGlobalSection
EndGlobal
